
Microsoft Visual Studio Solution File, Format Version 12.00
# Visual Studio Version 17
VisualStudioVersion = 17.6.33815.320
MinimumVisualStudioVersion = 10.0.40219.1
Project("{FAE04EC0-301F-11D3-BF4B-00C04F79EFBC}") = "fib", "Project1_CLI\fib.csproj", "{DFE546AF-1F20-434D-A714-85E358F786AE}"
EndProject
Global
	GlobalSection(SolutionConfigurationPlatforms) = preSolution
		Debug|Any CPU = Debug|Any CPU
		Release|Any CPU = Release|Any CPU
	EndGlobalSection
	GlobalSection(ProjectConfigurationPlatforms) = postSolution
		{DFE546AF-1F20-434D-A714-85E358F786AE}.Debug|Any CPU.ActiveCfg = Debug|Any CPU
		{DFE546AF-1F20-434D-A714-85E358F786AE}.Debug|Any CPU.Build.0 = Debug|Any CPU
		{DFE546AF-1F20-434D-A714-85E358F786AE}.Release|Any CPU.ActiveCfg = Release|Any CPU
		{DFE546AF-1F20-434D-A714-85E358F786AE}.Release|Any CPU.Build.0 = Release|Any CPU
	EndGlobalSection
	GlobalSection(SolutionProperties) = preSolution
		HideSolutionNode = FALSE
	EndGlobalSection
	GlobalSection(ExtensibilityGlobals) = postSolution
		SolutionGuid = {B1FE0C1B-9126-40FE-9C34-6902B06650A2}
	EndGlobalSection
EndGlobal
